<?xml version="1.0" encoding="utf-8"?>
<Project ToolsVersion="4.0" xmlns="http://schemas.microsoft.com/developer/msbuild/2003">
  <ItemGroup>
    <Filter Include="Source Files">
      <UniqueIdentifier>{4FC737F1-C7A5-4376-A066-2A32D752A2FF}</UniqueIdentifier>
      <Extensions>cpp;c;cc;cxx;def;odl;idl;hpj;bat;asm;asmx</Extensions>
    </Filter>
    <Filter Include="Source Files\Modules">
      <UniqueIdentifier>{d0ab8364-9012-4a44-97c0-4fdc0c152263}</UniqueIdentifier>
    </Filter>
  </ItemGroup>
  <ItemGroup>
    <ClCompile Include="src\DecisionAlgorithm.cpp">
      <Filter>Source Files</Filter>
    </ClCompile>
    <ClCompile Include="src\Modules\CountingModule.cpp">
      <Filter>Source Files\Modules</Filter>
    </ClCompile>
    <ClCompile Include="src\Modules\GenerationModule.cpp">
      <Filter>Source Files\Modules</Filter>
    </ClCompile>
    <ClCompile Include="src\Modules\TierModule.cpp">
      <Filter>Source Files\Modules</Filter>
    </ClCompile>
    <ClCompile Include="src\Modules\VotingModule.cpp">
      <Filter>Source Files\Modules</Filter>
    </ClCompile>
    <ClCompile Include="main.cpp" />
    <ClCompile Include="src\Common\MusicData.cpp">
      <Filter>Source Files</Filter>
    </ClCompile>
    <ClCompile Include="tests\TestMain.cpp">
      <Filter>Source Files</Filter>
    </ClCompile>
    <ClCompile Include="tests\Modules\CountingModuleTests.cpp">
      <Filter>Source Files</Filter>
    </ClCompile>
    <ClCompile Include="src\Common\DecisionSettings.h">
      <Filter>Source Files</Filter>
    </ClCompile>
  </ItemGroup>
  <ItemGroup>
    <ClInclude Include="src\Modules\CountingModule.h">
      <Filter>Source Files\Modules</Filter>
    </ClInclude>
    <ClInclude Include="src\Modules\GenerationModule.h">
      <Filter>Source Files\Modules</Filter>
    </ClInclude>
    <ClInclude Include="src\Modules\TierModule.h">
      <Filter>Source Files\Modules</Filter>
    </ClInclude>
    <ClInclude Include="src\Modules\VotingModule.h">
      <Filter>Source Files\Modules</Filter>
    </ClInclude>
    <ClInclude Include="src\DecisionAlgorithm.h">
      <Filter>Source Files</Filter>
    </ClInclude>
    <ClInclude Include="src\Common\MusicData.h" />
    <ClInclude Include="tests\TestMain.h" />
    <ClInclude Include="tests\Modules\CountingModuleTests.h" />
    <ClInclude Include="src\Common\Const.h" />
  </ItemGroup>
</Project>